
Microsoft Visual Studio Solution File, Format Version 12.00
# Visual Studio 2015
Project("{FAE04EC0-301F-11D3-BF4B-00C04F79EFBC}") = "JC_PUZZLE", "JC_PUZZLE.csproj", "{4C646B08-DA93-C926-1EF2-AEACC9FBDB7A}"
EndProject
Project("{FAE04EC0-301F-11D3-BF4B-00C04F79EFBC}") = "JC_PUZZLE.Editor", "JC_PUZZLE.Editor.csproj", "{F7F9412B-D4BA-DFAB-17B6-F5318262277F}"
EndProject
Global
	GlobalSection(SolutionConfigurationPlatforms) = preSolution
		Debug|Any CPU = Debug|Any CPU
		Release|Any CPU = Release|Any CPU
	EndGlobalSection
	GlobalSection(ProjectConfigurationPlatforms) = postSolution
		{4C646B08-DA93-C926-1EF2-AEACC9FBDB7A}.Debug|Any CPU.ActiveCfg = Debug|Any CPU
		{4C646B08-DA93-C926-1EF2-AEACC9FBDB7A}.Debug|Any CPU.Build.0 = Debug|Any CPU
		{4C646B08-DA93-C926-1EF2-AEACC9FBDB7A}.Release|Any CPU.ActiveCfg = Release|Any CPU
		{4C646B08-DA93-C926-1EF2-AEACC9FBDB7A}.Release|Any CPU.Build.0 = Release|Any CPU
		{F7F9412B-D4BA-DFAB-17B6-F5318262277F}.Debug|Any CPU.ActiveCfg = Debug|Any CPU
		{F7F9412B-D4BA-DFAB-17B6-F5318262277F}.Debug|Any CPU.Build.0 = Debug|Any CPU
		{F7F9412B-D4BA-DFAB-17B6-F5318262277F}.Release|Any CPU.ActiveCfg = Release|Any CPU
		{F7F9412B-D4BA-DFAB-17B6-F5318262277F}.Release|Any CPU.Build.0 = Release|Any CPU
	EndGlobalSection
	GlobalSection(SolutionProperties) = preSolution
		HideSolutionNode = FALSE
	EndGlobalSection
EndGlobal
